{
    "_readme": [
        "This file locks the dependencies of your project to a known state",
        "Read more about it at https://getcomposer.org/doc/01-basic-usage.md#composer-lock-the-lock-file",
        "This file is @generated automatically"
    ],
    "hash": "c878db0e8efa00601de8300d504175e9",
    "content-hash": "9bf2a29267c6c7b7aa913bbeda119a88",
    "packages": [
        {
            "name": "doctrine/instantiator",
            "version": "1.0.5",
            "source": {
                "type": "git",
                "url": "https://github.com/doctrine/instantiator.git",
                "reference": "8e884e78f9f0eb1329e445619e04456e64d8051d"
            },
            "dist": {
                "type": "zip",
                "url": "https://api.github.com/repos/doctrine/instantiator/zipball/8e884e78f9f0eb1329e445619e04456e64d8051d",
                "reference": "8e884e78f9f0eb1329e445619e04456e64d8051d",
                "shasum": ""
            },
            "require": {
                "php": ">=5.3,<8.0-DEV"
            },
            "require-dev": {
                "athletic/athletic": "~0.1.8",
                "ext-pdo": "*",
                "ext-phar": "*",
                "phpunit/phpunit": "~4.0",
                "squizlabs/php_codesniffer": "~2.0"
            },
            "type": "library",
            "extra": {
                "branch-alias": {
                    "dev-master": "1.0.x-dev"
                }
            },
            "autoload": {
                "psr-4": {
                    "Doctrine\\Instantiator\\": "src/Doctrine/Instantiator/"
                }
            },
            "notification-url": "https://packagist.org/downloads/",
            "license": [
                "MIT"
            ],
            "authors": [
                {
                    "name": "Marco Pivetta",
                    "email": "ocramius@gmail.com",
                    "homepage": "http://ocramius.github.com/"
                }
            ],
            "description": "A small, lightweight utility to instantiate objects in PHP without invoking their constructors",
            "homepage": "https://github.com/doctrine/instantiator",
            "keywords": [
                "constructor",
                "instantiate"
            ],
            "time": "2015-06-14 21:17:01"
        },
        {
            "name": "twitter/bootstrap",
            "version": "2.3.2",
            "source": {
                "type": "git",
                "url": "https://github.com/twbs/bootstrap.git",
                "reference": "v2.3.2"
            },
            "type": "typo3-cms-extension"
        },
        {
            "name": "typo3-ter/news",
            "version": "3.0.1",
            "dist": {
                "type": "t3x",
                "url": "https://typo3.org/extensions/repository/download/news/3.0.1/t3x/",
                "reference": null,
                "shasum": null
            },
            "require": {
                "typo3/cms-core": ">= 6.2.2, <= 6.2.99"
            },
            "replace": {
                "news": "self.version"
            },
            "type": "typo3-cms-extension",
            "extra": {
                "typo3/ter": {
                    "review-state": "insecure"
                }
            },
            "autoload": {
                "classmap": [
                    ""
                ],
                "exclude-from-classmap": [
                    "Migrations",
                    "Tests",
                    "tests",
                    "class.ext_update.php"
                ]
            },
            "authors": [
                {
                    "name": "Georg Ringer",
                    "email": "typo3@ringerge.org",
                    "company": "",
                    "username": "just2b"
                }
            ],
            "description": "Versatile news extension, based on extbase & fluid. Editor friendly, default integration of social sharing and many other features",
            "time": "2014-06-03 13:35:37"
        },
        {
            "name": "typo3-ter/realurl",
            "version": "1.12.8",
            "dist": {
                "type": "t3x",
                "url": "https://typo3.org/extensions/repository/download/realurl/1.12.8/t3x/",
                "reference": null,
                "shasum": null
            },
            "require": {
                "php": ">= 5.3.2, <= 5.999.999",
                "typo3/cms-core": ">= 4.5.0, <= 6.2.999"
            },
            "conflict": {
                "typo3-ter/cooluri": "*",
                "typo3-ter/simulatestatic": "*"
            },
            "replace": {
                "realurl": "self.version"
            },
            "type": "typo3-cms-extension",
            "autoload": {
                "classmap": [
                    ""
                ],
                "exclude-from-classmap": [
                    "Migrations",
                    "Tests",
                    "tests",
                    "class.ext_update.php"
                ]
            },
            "authors": [
                {
                    "name": "Dmitry Dulepov",
                    "email": "dmitry.dulepov@gmail.com",
                    "company": "",
                    "username": "dmitry"
                }
            ],
            "description": "Creates nice looking URLs for TYPO3 pages: converts http://example.com/index.phpid12345&L2 to http://example.com/path/to/your/page/. Please, ask for free support in TYPO3 mailing lists or contact the maintainer for paid support.",
            "time": "2014-02-17 13:13:36"
        },
        {
            "name": "typo3-ter/sr-feuser-register",
            "version": "3.1.3",
            "dist": {
                "type": "t3x",
                "url": "https://typo3.org/extensions/repository/download/sr_feuser_register/3.1.3/t3x/",
                "reference": null,
                "shasum": null
            },
            "require": {
                "php": ">= 5.3.0",
                "typo3-ter/static-info-tables": ">= 2.3.0",
                "typo3/cms-core": ">= 4.5.0, <= 6.2.99"
            },
            "conflict": {
                "typo3-ter/cc-random-image": "<= 99.99.99",
                "typo3-ter/germandates": "<= 99.99.99",
                "typo3-ter/kb-md5fepw": "<= 99.99.99",
                "typo3-ter/newloginbox": "<= 99.99.99",
                "typo3-ter/patch1822": "<= 99.99.99",
                "typo3-ter/rlmp-language-detection": "<= 99.99.99",
                "typo3-ter/srfeuserregister-t3secsaltedpw": "<= 99.99.99"
            },
            "replace": {
                "sr_feuser_register": "self.version",
                "typo3-ter/sr_feuser_register": "self.version"
            },
            "suggest": {
                "typo3-ter/sr-freecap": ">= 1.5.3"
            },
            "type": "typo3-cms-extension",
            "autoload": {
                "classmap": [
                    ""
                ],
                "exclude-from-classmap": [
                    "Migrations",
                    "Tests",
                    "tests",
                    "class.ext_update.php"
                ]
            },
            "authors": [
                {
                    "name": "Stanislas Rolland / Franz Holzinger",
                    "email": "typo3@sjbr.ca",
                    "company": "SJBR",
                    "username": "stan"
                }
            ],
            "description": "A self-registration variant of Kasper Skrhjs Front End User Admin extension.",
            "time": "2014-06-25 15:53:18"
        },
        {
            "name": "typo3-ter/static-info-tables",
            "version": "6.1.0",
            "dist": {
                "type": "t3x",
                "url": "https://typo3.org/extensions/repository/download/static_info_tables/6.1.0/t3x/",
                "reference": null,
                "shasum": null
            },
            "require": {
                "php": ">= 5.3.7",
                "typo3/cms-core": ">= 6.0.6, <= 6.2.99"
            },
            "conflict": {
                "typo3-ter/cc-infotablesmgm": "<= 99.99.99",
                "typo3-ter/sr-static-info": "<= 99.99.99",
                "typo3-ter/uncache": "<= 99.99.99"
            },
            "replace": {
                "static_info_tables": "self.version",
                "typo3-ter/static_info_tables": "self.version"
            },
            "type": "typo3-cms-extension",
            "autoload": {
                "classmap": [
                    ""
                ],
                "exclude-from-classmap": [
                    "Migrations",
                    "Tests",
                    "tests",
                    "class.ext_update.php"
                ]
            },
            "authors": [
                {
                    "name": "Stanislas Rolland/Ren Fritz",
                    "email": "typo3@sjbr.ca",
                    "company": "SJBR",
                    "username": "stan"
                }
            ],
            "description": "Data and API for countries, languages and currencies.",
            "time": "2014-04-23 18:11:14"
        },
        {
            "name": "typo3-ter/templavoila",
            "version": "1.9.8",
            "dist": {
                "type": "t3x",
                "url": "https://typo3.org/extensions/repository/download/templavoila/1.9.8/t3x/",
                "reference": null,
                "shasum": null
            },
            "require": {
                "php": ">= 5.3.0",
                "typo3-ter/static-info-tables": "*",
                "typo3/cms-core": ">= 4.5.0, <= 6.2.99"
            },
            "conflict": {
                "typo3-ter/eu-tradvoila": "<= 0.0.2",
                "typo3-ter/kb-tv-clipboard": "<= 0.1.0",
                "typo3-ter/me-templavoilalayout": "*",
                "typo3-ter/me-templavoilalayout2": "*",
                "typo3-ter/templavoila-cw": "<= 0.1.0"
            },
            "replace": {
                "templavoila": "self.version"
            },
            "type": "typo3-cms-extension",
            "autoload": {
                "classmap": [
                    ""
                ],
                "exclude-from-classmap": [
                    "Migrations",
                    "Tests",
                    "tests",
                    "class.ext_update.php"
                ]
            },
            "authors": [
                {
                    "name": "TYPO3 Release Team",
                    "email": "typo3v4@typo3.org",
                    "company": "",
                    "username": "benni"
                }
            ],
            "description": "Point-and-click, popular and easy template engine for TYPO3. Public free support is provided only through TYPO3 mailing lists! Contact by e-mail for commercial support.",
            "time": "2015-06-20 14:23:31"
        },
        {
            "name": "typo3/class-alias-loader",
            "version": "1.0.0",
            "source": {
                "type": "git",
                "url": "https://github.com/TYPO3/class-alias-loader.git",
                "reference": "a9dd295c81ed0b51455644be420ab9210cad688f"
            },
            "dist": {
                "type": "zip",
                "url": "https://api.github.com/repos/TYPO3/class-alias-loader/zipball/a9dd295c81ed0b51455644be420ab9210cad688f",
                "reference": "a9dd295c81ed0b51455644be420ab9210cad688f",
                "shasum": ""
            },
            "require": {
                "composer-plugin-api": "^1.0",
                "php": ">=5.3.7"
            },
            "replace": {
                "helhum/class-alias-loader": "*"
            },
            "require-dev": {
                "composer/composer": "dev-master",
                "mikey179/vfsstream": "1.4.*@dev",
                "phpunit/phpunit": "~4.7.0"
            },
            "type": "composer-plugin",
            "extra": {
                "class": "TYPO3\\ClassAliasLoader\\Plugin",
                "branch-alias": {
                    "dev-master": "1.0.x-dev"
                }
            },
            "autoload": {
                "psr-4": {
                    "TYPO3\\ClassAliasLoader\\": "src/"
                }
            },
            "notification-url": "https://packagist.org/downloads/",
            "license": [
                "MIT"
            ],
            "authors": [
                {
                    "name": "Helmut Hummel",
                    "email": "info@helhum.io"
                }
            ],
            "description": "Amends the composer class loader to support class aliases to provide backwards compatibility for packages",
            "homepage": "http://github.com/TYPO3/class-alias-loader",
            "keywords": [
                "alias",
                "autoloader",
                "classloader",
                "composer"
            ],
            "time": "2015-10-06 10:25:44"
        },
        {
            "name": "typo3/cms",
            "version": "6.2.29",
            "source": {
                "type": "git",
                "url": "https://github.com/TYPO3/TYPO3.CMS.git",
                "reference": "65785680a829f51733dae39113d72879025eb48b"
            },
            "dist": {
                "type": "tar",
                "url": "https://api.github.com/repos/TYPO3/TYPO3.CMS/zipball/65785680a829f51733dae39113d72879025eb48b",
                "reference": "65785680a829f51733dae39113d72879025eb48b",
                "shasum": "f50f4f69d2b9aa84aec4afe32841e88cf76f14d0"
            },
            "require": {
                "doctrine/instantiator": "1.0.5",
                "ext-fileinfo": "*",
                "ext-pcre": "*",
                "ext-session": "*",
                "ext-xml": "*",
                "helhum/class-alias-loader": "1.1.5",
                "php": "^5.3.7",
                "typo3/cms-composer-installers": "~1.1.4 || ~1.2.8"
            },
            "replace": {
                "typo3/cms-about": "self.version",
                "typo3/cms-aboutmodules": "self.version",
                "typo3/cms-adodb": "self.version",
                "typo3/cms-backend": "self.version",
                "typo3/cms-belog": "self.version",
                "typo3/cms-beuser": "self.version",
                "typo3/cms-cms": "self.version",
                "typo3/cms-context-help": "self.version",
                "typo3/cms-core": "self.version",
                "typo3/cms-cshmanual": "self.version",
                "typo3/cms-css-styled-content": "self.version",
                "typo3/cms-dbal": "self.version",
                "typo3/cms-documentation": "self.version",
                "typo3/cms-extbase": "self.version",
                "typo3/cms-extensionmanager": "self.version",
                "typo3/cms-extra-page-cm-options": "self.version",
                "typo3/cms-feedit": "self.version",
                "typo3/cms-felogin": "self.version",
                "typo3/cms-filelist": "self.version",
                "typo3/cms-filemetadata": "self.version",
                "typo3/cms-fluid": "self.version",
                "typo3/cms-form": "self.version",
                "typo3/cms-frontend": "self.version",
                "typo3/cms-func": "self.version",
                "typo3/cms-func-wizards": "self.version",
                "typo3/cms-impexp": "self.version",
                "typo3/cms-indexed-search": "self.version",
                "typo3/cms-indexed-search-mysql": "self.version",
                "typo3/cms-info": "self.version",
                "typo3/cms-info-pagetsconfig": "self.version",
                "typo3/cms-install": "self.version",
                "typo3/cms-lang": "self.version",
                "typo3/cms-linkvalidator": "self.version",
                "typo3/cms-lowlevel": "self.version",
                "typo3/cms-opendocs": "self.version",
                "typo3/cms-openid": "self.version",
                "typo3/cms-perm": "self.version",
                "typo3/cms-recordlist": "self.version",
                "typo3/cms-recycler": "self.version",
                "typo3/cms-reports": "self.version",
                "typo3/cms-rsaauth": "self.version",
                "typo3/cms-rtehtmlarea": "self.version",
                "typo3/cms-saltedpasswords": "self.version",
                "typo3/cms-scheduler": "self.version",
                "typo3/cms-setup": "self.version",
                "typo3/cms-sv": "self.version",
                "typo3/cms-sys-action": "self.version",
                "typo3/cms-sys-note": "self.version",
                "typo3/cms-t3editor": "self.version",
                "typo3/cms-t3skin": "self.version",
                "typo3/cms-taskcenter": "self.version",
                "typo3/cms-tstemplate": "self.version",
                "typo3/cms-version": "self.version",
                "typo3/cms-viewpage": "self.version",
                "typo3/cms-wizard-crpages": "self.version",
                "typo3/cms-wizard-sortpages": "self.version",
                "typo3/cms-workspaces": "self.version"
            },
            "require-dev": {
                "mikey179/vfsstream": "1.3.*@dev",
                "phpunit/phpunit": "~4.7.0",
                "symfony/polyfill-mbstring": "~1.0"
            },
            "suggest": {
                "ext-gd": "GDlib/Freetype is required for building images with text (GIFBUILDER) and can also be used to scale images",
                "ext-openssl": "",
                "ext-soap": "",
                "ext-zip": "",
                "ext-zlib": "TYPO3 uses zlib for amongst others output compression and un/packing t3x extension files"
            },
            "type": "typo3-cms-core",
            "extra": {
                "branch-alias": {
                    "dev-TYPO3_6-2": "6.2.x-dev"
                },
                "autoload-case-sensitivity": false,
                "class-alias-maps": [
                    "typo3/sysext/backend/Migrations/Code/ClassAliasMap.php",
                    "typo3/sysext/core/Migrations/Code/ClassAliasMap.php",
                    "typo3/sysext/cshmanual/Migrations/Code/ClassAliasMap.php",
                    "typo3/sysext/extbase/Migrations/Code/ClassAliasMap.php",
                    "typo3/sysext/extensionmanager/Migrations/Code/ClassAliasMap.php",
                    "typo3/sysext/fluid/Migrations/Code/ClassAliasMap.php",
                    "typo3/sysext/frontend/Migrations/Code/ClassAliasMap.php",
                    "typo3/sysext/install/Migrations/Code/ClassAliasMap.php",
                    "typo3/sysext/lang/Migrations/Code/ClassAliasMap.php",
                    "typo3/sysext/recordlist/Migrations/Code/ClassAliasMap.php",
                    "typo3/sysext/saltedpasswords/Migrations/Code/ClassAliasMap.php",
                    "typo3/sysext/sv/Migrations/Code/ClassAliasMap.php"
                ]
            },
            "autoload": {
                "psr-0": {
                    "TYPO3\\Flow\\": "typo3/sysext/core/Resources/PHP/TYPO3.Flow/Classes/"
                },
                "psr-4": {
                    "Psr\\Log\\": "typo3/contrib/Psr/Log/",
                    "TYPO3\\CMS\\Backend\\": "typo3/sysext/backend/Classes/",
                    "TYPO3\\CMS\\Core\\": "typo3/sysext/core/Classes/",
                    "TYPO3\\CMS\\Cshmanual\\": "typo3/sysext/cshmanual/Classes/",
                    "TYPO3\\CMS\\Extbase\\": "typo3/sysext/extbase/Classes/",
                    "TYPO3\\CMS\\Extensionmanager\\": "typo3/sysext/extensionmanager/Classes/",
                    "TYPO3\\CMS\\Fluid\\": "typo3/sysext/fluid/Classes/",
                    "TYPO3\\CMS\\Frontend\\": "typo3/sysext/frontend/Classes/",
                    "TYPO3\\CMS\\Install\\": "typo3/sysext/install/Classes/",
                    "TYPO3\\CMS\\Lang\\": "typo3/sysext/lang/Classes/",
                    "TYPO3\\CMS\\Recordlist\\": "typo3/sysext/recordlist/Classes/",
                    "TYPO3\\CMS\\Saltedpasswords\\": "typo3/sysext/saltedpasswords/Classes/",
                    "TYPO3\\CMS\\Sv\\": "typo3/sysext/sv/Classes/"
                }
            },
            "notification-url": "https://packagist.org/downloads/",
            "license": [
                "GPL-2.0+"
            ],
            "authors": [
                {
                    "name": "TYPO3 CMS Core Team",
                    "homepage": "http://forge.typo3.org/projects/typo3cms-core",
                    "role": "Developer"
                },
                {
                    "name": "The TYPO3 Community",
                    "homepage": "https://typo3.org/community/",
                    "role": "Contributor"
                }
            ],
            "description": "TYPO3 CMS is a free open source Content Management Framework initially created by Kasper Skaarhoj and licensed under GNU/GPL.",
            "homepage": "http://typo3.org/",
            "keywords": [
                "Content management system",
                "cms",
                "extbase",
                "typo3"
            ],
            "time": "2016-11-22 10:31:52"
        },
        {
            "name": "typo3/cms-composer-installers",
            "version": "1.2.8",
            "source": {
                "type": "git",
                "url": "https://github.com/TYPO3/CmsComposerInstallers.git",
                "reference": "fbd6f65a1a6fa155f59fd3a17577663633733c62"
            },
            "dist": {
                "type": "zip",
                "url": "https://api.github.com/repos/TYPO3/CmsComposerInstallers/zipball/fbd6f65a1a6fa155f59fd3a17577663633733c62",
                "reference": "fbd6f65a1a6fa155f59fd3a17577663633733c62",
                "shasum": ""
            },
            "require": {
                "composer-plugin-api": "^1.0.0"
            },
            "conflict": {
                "composer/installers": "<1.0.24 || >1.0.24"
            },
            "replace": {
                "lw/typo3cms-installers": "*",
                "netresearch/composer-installers": "*"
            },
            "require-dev": {
                "composer/composer": "1.*"
            },
            "type": "composer-plugin",
            "extra": {
                "class": "TYPO3\\CMS\\Composer\\Installer\\Plugin",
                "branch-alias": {
                    "dev-master": "1.2.x-dev"
                }
            },
            "autoload": {
                "psr-0": {
                    "": "Classes/"
                }
            },
            "notification-url": "https://packagist.org/downloads/",
            "license": [
                "GPL-2.0+"
            ],
            "authors": [
                {
                    "name": "Christian Opitz",
                    "email": "christian.opitz@netresearch.de"
                },
                {
                    "name": "Lars Peipmann",
                    "email": "lars@peipmann.de"
                }
            ],
            "description": "TYPO3 CMS Installers",
            "homepage": "http://forge.typo3.org/projects/team-composer",
            "keywords": [
                "cms",
                "core",
                "extension",
                "installer",
                "typo3"
            ],
            "time": "2016-06-13 13:39:26"
        },
        {
            "name": "typo3cms/dropbox_carousel",
            "version": "master",
            "source": {
                "type": "git",
                "url": "https://github.com/visay/dropbox_carousel.git",
                "reference": "master"
            },
            "type": "typo3-cms-extension",
            "time": "2013-09-14 16:10:45"
        },
        {
            "name": "typo3cms/fal_dropbox",
            "version": "master",
            "source": {
                "type": "git",
                "url": "https://github.com/visay/fal_dropbox.git",
                "reference": "master"
            },
            "type": "typo3-cms-extension",
            "time": "2014-05-27 17:48:59"
        },
        {
            "name": "typo3cms/football_manager",
            "version": "master",
            "source": {
                "type": "git",
                "url": "https://github.com/visay/football_manager.git",
                "reference": "master"
            },
            "type": "typo3-cms-extension",
            "time": "2014-08-15 09:46:05"
        }
    ],
    "packages-dev": [
        {
            "name": "typo3-ter/devlog",
            "version": "2.11.1",
            "dist": {
                "type": "t3x",
                "url": "https://typo3.org/extensions/repository/download/devlog/2.11.1/t3x/",
                "reference": null,
                "shasum": null
            },
            "require": {
                "typo3/cms-core": ">= 4.5.0, <= 6.2.99"
            },
            "replace": {
                "devlog": "self.version"
            },
            "type": "typo3-cms-extension",
            "extra": {
                "typo3/ter": {
                    "review-state": "insecure"
                }
            },
            "autoload": {
                "classmap": [
                    ""
                ],
                "exclude-from-classmap": [
                    "Migrations",
                    "Tests",
                    "tests",
                    "class.ext_update.php"
                ]
            },
            "authors": [
                {
                    "name": "Rene Fritz, Francois Suter",
                    "email": "typo3@cobweb.ch",
                    "company": "",
                    "username": "francois"
                }
            ],
            "description": "The Developer log extension provides development logging/debugging functionality for usage of t3lib_div::devlog() and a BE module to browse the logs.",
            "time": "2014-03-24 09:01:38"
        },
        {
            "name": "typo3-ter/extension-builder",
            "version": "6.2.15",
            "dist": {
                "type": "t3x",
                "url": "https://typo3.org/extensions/repository/download/extension_builder/6.2.15/t3x/",
                "reference": null,
                "shasum": null
            },
            "require": {
                "typo3/cms-core": ">= 6.2.0, <= 6.2.99"
            },
            "replace": {
                "extension_builder": "self.version",
                "typo3-ter/extension_builder": "self.version"
            },
            "suggest": {
                "typo3-ter/phpunit": "*"
            },
            "type": "typo3-cms-extension",
            "autoload": {
                "classmap": [
                    ""
                ],
                "exclude-from-classmap": [
                    "Migrations",
                    "Tests",
                    "tests",
                    "class.ext_update.php"
                ]
            },
            "authors": [
                {
                    "name": "Nico de Haen",
                    "email": "mail@ndh-websolutions.de",
                    "company": "",
                    "username": "nicodh"
                }
            ],
            "description": "The Extension Builder helps you build and manage your Extbase based TYPO3 extensions.",
            "time": "2015-11-21 18:38:29"
        },
        {
            "name": "typo3-ter/phpmyadmin",
            "version": "4.18.1",
            "dist": {
                "type": "t3x",
                "url": "https://typo3.org/extensions/repository/download/phpmyadmin/4.18.1/t3x/",
                "reference": null,
                "shasum": null
            },
            "require": {
                "php": ">= 5.2.0",
                "typo3/cms-core": ">= 4.2.0, <= 6.2.99"
            },
            "replace": {
                "phpmyadmin": "self.version"
            },
            "type": "typo3-cms-extension",
            "extra": {
                "typo3/ter": {
                    "review-state": "insecure"
                }
            },
            "autoload": {
                "classmap": [
                    ""
                ],
                "exclude-from-classmap": [
                    "Migrations",
                    "Tests",
                    "tests",
                    "class.ext_update.php"
                ]
            },
            "authors": [
                {
                    "name": "Andreas Beutel - mehrwert",
                    "email": "typo3@mehrwert.de",
                    "company": "mehrwert intermediale kommunikation GmbH",
                    "username": "mehrwert"
                }
            ],
            "description": "Third party phpMyAdmin administration module. Access to admin-users only. 4.x releases require PHP 5.2, TYPO3 4.2 and MySQL 5. The 3.x branch is still supported: http://www.mehrwert.de/go/t3x",
            "time": "2014-03-03 16:53:39"
        },
        {
            "name": "typo3-ter/phpunit",
            "version": "3.7.22",
            "dist": {
                "type": "t3x",
                "url": "https://typo3.org/extensions/repository/download/phpunit/3.7.22/t3x/",
                "reference": null,
                "shasum": null
            },
            "require": {
                "php": ">= 5.3.0",
                "typo3/cms-core": ">= 4.5.0, <= 6.2.99"
            },
            "replace": {
                "phpunit": "self.version"
            },
            "type": "typo3-cms-extension",
            "autoload": {
                "classmap": [
                    ""
                ],
                "exclude-from-classmap": [
                    "Migrations",
                    "Tests",
                    "tests",
                    "class.ext_update.php"
                ]
            },
            "authors": [
                {
                    "name": "Oliver Klee",
                    "email": "typo3-coding@oliverklee.de",
                    "company": "",
                    "username": "oliklee"
                }
            ],
            "description": "Unit testing for TYPO3. Includes PHPUnit 3.7, Selenium, a BE test runner module, a CLI test runner, PhpStorm integration and a testing framework.",
            "time": "2013-07-26 23:47:28"
        }
    ],
    "aliases": [],
    "minimum-stability": "stable",
    "stability-flags": {
        "typo3cms/fal_dropbox": 20,
        "typo3cms/dropbox_carousel": 20,
        "typo3cms/football_manager": 20
    },
    "prefer-stable": false,
    "prefer-lowest": false,
    "platform": [],
    "platform-dev": []
}
