{
    "_readme": [
        "This file locks the dependencies of your project to a known state",
        "Read more about it at http://getcomposer.org/doc/01-basic-usage.md#composer-lock-the-lock-file"
    ],
    "hash": "afa93d37c704d38de346d22c49270b8b",
    "packages": [
        {
            "name": "composer/installers",
            "version": "v1.0.6",
            "source": {
                "type": "git",
                "url": "https://github.com/composer/installers.git",
                "reference": "b3bd071ea114a57212c75aa6a2eef5cfe0cc798f"
            },
            "dist": {
                "type": "zip",
                "url": "https://api.github.com/repos/composer/installers/zipball/b3bd071ea114a57212c75aa6a2eef5cfe0cc798f",
                "reference": "b3bd071ea114a57212c75aa6a2eef5cfe0cc798f",
                "shasum": ""
            },
            "replace": {
                "shama/baton": "*"
            },
            "require-dev": {
                "composer/composer": "1.0.*@dev",
                "phpunit/phpunit": "3.7.*"
            },
            "type": "composer-installer",
            "extra": {
                "class": "Composer\\Installers\\Installer",
                "branch-alias": {
                    "dev-master": "1.0-dev"
                }
            },
            "autoload": {
                "psr-0": {
                    "Composer\\Installers\\": "src/"
                }
            },
            "notification-url": "https://packagist.org/downloads/",
            "license": [
                "MIT"
            ],
            "authors": [
                {
                    "name": "Kyle Robinson Young",
                    "email": "kyle@dontkry.com",
                    "homepage": "https://github.com/shama",
                    "role": "Developer"
                }
            ],
            "description": "A multi-framework Composer library installer",
            "homepage": "http://composer.github.com/installers/",
            "keywords": [
                "TYPO3 CMS",
                "TYPO3 Flow",
                "TYPO3 Neos",
                "agl",
                "cakephp",
                "codeigniter",
                "drupal",
                "fuelphp",
                "installer",
                "joomla",
                "kohana",
                "laravel",
                "li3",
                "lithium",
                "mako",
                "modulework",
                "phpbb",
                "ppi",
                "silverstripe",
                "symfony",
                "wordpress",
                "zend"
            ],
            "time": "2013-08-20 04:37:09"
        },
        {
            "name": "twitter/bootstrap",
            "version": "2.3.2",
            "source": {
                "type": "git",
                "url": "git@github.com:twbs/bootstrap.git",
                "reference": "v2.3.2"
            },
            "type": "typo3-flow-package"
        },
        {
            "name": "typo3cms/dropbox_carousel",
            "version": "master",
            "source": {
                "type": "git",
                "url": "git@github.com:visay/dropbox_carousel.git",
                "reference": "master"
            },
            "type": "typo3-flow-package",
            "time": "2013-09-14 16:10:45"
        },
        {
            "name": "typo3cms/fal_dropbox",
            "version": "master",
            "source": {
                "type": "git",
                "url": "git@github.com:visay/fal_dropbox.git",
                "reference": "master"
            },
            "type": "typo3-flow-package",
            "time": "2013-08-12 13:50:00"
        },
        {
            "name": "typo3cms/football_manager",
            "version": "master",
            "source": {
                "type": "git",
                "url": "git@github.com:visay/football_manager.git",
                "reference": "master"
            },
            "type": "typo3-flow-package",
            "time": "2013-10-27 05:42:17"
        },
        {
            "name": "typo3cms/formhandler",
            "version": "trunk",
            "source": {
                "type": "svn",
                "url": "https://svn.typo3.org/TYPO3v4/Extensions/formhandler/",
                "reference": "trunk"
            },
            "type": "typo3-flow-package"
        },
        {
            "name": "typo3cms/news",
            "version": "2.2.1",
            "source": {
                "type": "git",
                "url": "git://git.typo3.org/TYPO3v4/Extensions/news.git",
                "reference": "2.2.1"
            },
            "type": "typo3-flow-package"
        },
        {
            "name": "typo3cms/realurl",
            "version": "master",
            "source": {
                "type": "git",
                "url": "git://git.typo3.org/TYPO3v4/Extensions/realurl.git",
                "reference": "30dcedd4ceb863c2291b80126c91242edc59aff0"
            },
            "type": "typo3-flow-package",
            "time": "2013-10-09 10:52:43"
        },
        {
            "name": "typo3cms/sr_feuser_register",
            "version": "3.0.2",
            "source": {
                "type": "svn",
                "url": "https://svn.typo3.org/TYPO3v4/Extensions/sr_feuser_register/tags/",
                "reference": "Version-3-0-2"
            },
            "type": "typo3-flow-package"
        },
        {
            "name": "typo3cms/static_info_tables",
            "version": "6.0.5",
            "source": {
                "type": "svn",
                "url": "https://svn.typo3.org/TYPO3v4/Extensions/static_info_tables/tags/",
                "reference": "Version-6-0-5"
            },
            "type": "typo3-flow-package"
        },
        {
            "name": "typo3cms/templavoila",
            "version": "1.8.0",
            "source": {
                "type": "git",
                "url": "git://git.typo3.org/TYPO3v4/Extensions/templavoila.git",
                "reference": "1_8_0"
            },
            "type": "typo3-flow-package"
        }
    ],
    "packages-dev": [
        {
            "name": "typo3cms/extension_builder",
            "version": "master",
            "source": {
                "type": "git",
                "url": "git://git.typo3.org/TYPO3v4/Extensions/extension_builder.git",
                "reference": "master"
            },
            "type": "typo3-flow-package",
            "time": "2013-08-31 21:08:02"
        },
        {
            "name": "typo3cms/phpmyadmin",
            "version": "trunk",
            "source": {
                "type": "svn",
                "url": "https://svn.typo3.org/TYPO3v4/Extensions/phpmyadmin/",
                "reference": "trunk"
            },
            "type": "typo3-flow-package"
        },
        {
            "name": "typo3cms/phpunit",
            "version": "master",
            "source": {
                "type": "git",
                "url": "git://git.typo3.org/TYPO3v4/Extensions/phpunit.git",
                "reference": "master"
            },
            "type": "typo3-flow-package",
            "time": "2013-08-28 17:49:08"
        }
    ],
    "aliases": [

    ],
    "minimum-stability": "stable",
    "stability-flags": {
        "typo3cms/football_manager": 20,
        "typo3cms/realurl": 20,
        "typo3cms/dropbox_carousel": 20,
        "typo3cms/fal_dropbox": 20,
        "typo3cms/formhandler": 20,
        "typo3cms/phpmyadmin": 20,
        "typo3cms/extension_builder": 20,
        "typo3cms/phpunit": 20
    },
    "platform": {
        "php": ">=5.3.7"
    },
    "platform-dev": [

    ]
}
