{
    "_readme": [
        "This file locks the dependencies of your project to a known state",
        "Read more about it at http://getcomposer.org/doc/01-basic-usage.md#composer-lock-the-lock-file",
        "This file is @generated automatically"
    ],
    "hash": "ab4efcee6d5a33701d05e6c4cfe70551",
    "packages": [
        {
            "name": "composer/installers",
            "version": "v1.0.15",
            "source": {
                "type": "git",
                "url": "https://github.com/composer/installers.git",
                "reference": "8e6a72a78f6cfd537fde3350720dfdc9ae3c5621"
            },
            "dist": {
                "type": "zip",
                "url": "https://api.github.com/repos/composer/installers/zipball/8e6a72a78f6cfd537fde3350720dfdc9ae3c5621",
                "reference": "8e6a72a78f6cfd537fde3350720dfdc9ae3c5621",
                "shasum": ""
            },
            "replace": {
                "roundcube/plugin-installer": "*",
                "shama/baton": "*"
            },
            "require-dev": {
                "composer/composer": "1.0.*@dev",
                "phpunit/phpunit": "4.1.*"
            },
            "type": "composer-installer",
            "extra": {
                "class": "Composer\\Installers\\Installer",
                "branch-alias": {
                    "dev-master": "1.0-dev"
                }
            },
            "autoload": {
                "psr-0": {
                    "Composer\\Installers\\": "src/"
                }
            },
            "notification-url": "https://packagist.org/downloads/",
            "license": [
                "MIT"
            ],
            "authors": [
                {
                    "name": "Kyle Robinson Young",
                    "email": "kyle@dontkry.com",
                    "homepage": "https://github.com/shama",
                    "role": "Developer"
                }
            ],
            "description": "A multi-framework Composer library installer",
            "homepage": "http://composer.github.com/installers/",
            "keywords": [
                "Craft",
                "Dolibarr",
                "Hurad",
                "MODX Evo",
                "OXID",
                "WolfCMS",
                "agl",
                "annotatecms",
                "bitrix",
                "cakephp",
                "codeigniter",
                "concrete5",
                "croogo",
                "drupal",
                "elgg",
                "fuelphp",
                "installer",
                "joomla",
                "kohana",
                "laravel",
                "lithium",
                "magento",
                "mako",
                "mediawiki",
                "modulework",
                "moodle",
                "phpbb",
                "piwik",
                "ppi",
                "roundcube",
                "shopware",
                "silverstripe",
                "symfony",
                "typo3",
                "wordpress",
                "zend",
                "zikula"
            ],
            "time": "2014-06-23 16:25:28"
        },
        {
            "name": "twitter/bootstrap",
            "version": "2.3.2",
            "source": {
                "type": "git",
                "url": "https://github.com/twbs/bootstrap.git",
                "reference": "v2.3.2"
            },
            "type": "typo3-cms-extension"
        },
        {
            "name": "typo3cms/dropbox_carousel",
            "version": "master",
            "source": {
                "type": "git",
                "url": "https://github.com/visay/dropbox_carousel.git",
                "reference": "master"
            },
            "type": "typo3-cms-extension",
            "time": "2013-09-14 16:10:45"
        },
        {
            "name": "typo3cms/fal_dropbox",
            "version": "master",
            "source": {
                "type": "git",
                "url": "https://github.com/visay/fal_dropbox.git",
                "reference": "master"
            },
            "type": "typo3-cms-extension",
            "time": "2014-05-27 17:48:59"
        },
        {
            "name": "typo3cms/football_manager",
            "version": "master",
            "source": {
                "type": "git",
                "url": "https://github.com/visay/football_manager.git",
                "reference": "master"
            },
            "type": "typo3-cms-extension",
            "time": "2014-02-02 06:21:10"
        },
        {
            "name": "typo3cms/formhandler",
            "version": "2.0.0",
            "source": {
                "type": "svn",
                "url": "https://svn.typo3.org/TYPO3v4/Extensions/formhandler/tags/",
                "reference": "v2.0.0"
            },
            "type": "typo3-cms-extension"
        },
        {
            "name": "typo3cms/news",
            "version": "3.0.0",
            "source": {
                "type": "git",
                "url": "git://git.typo3.org/TYPO3CMS/Extensions/news.git",
                "reference": "3.0.0"
            },
            "type": "typo3-cms-extension"
        },
        {
            "name": "typo3cms/realurl",
            "version": "1.12.8",
            "source": {
                "type": "git",
                "url": "git://git.typo3.org/TYPO3CMS/Extensions/realurl.git",
                "reference": "1_12_8"
            },
            "type": "typo3-cms-extension"
        },
        {
            "name": "typo3cms/sr_feuser_register",
            "version": "3.1.2",
            "source": {
                "type": "svn",
                "url": "https://svn.typo3.org/TYPO3v4/Extensions/sr_feuser_register/tags/",
                "reference": "Version-3-1-2"
            },
            "type": "typo3-cms-extension"
        },
        {
            "name": "typo3cms/static_info_tables",
            "version": "6.1.0",
            "source": {
                "type": "svn",
                "url": "https://svn.typo3.org/TYPO3v4/Extensions/static_info_tables/tags/",
                "reference": "Version-6-1-0"
            },
            "type": "typo3-cms-extension"
        },
        {
            "name": "typo3cms/templavoila",
            "version": "2.0.0-dev",
            "source": {
                "type": "git",
                "url": "https://github.com/wouter90/templavoila.git",
                "reference": "bf7a2d3ee916a46547b2c1f9fd7fa803e036953e"
            },
            "type": "typo3-cms-extension",
            "time": "2014-03-27 22:22:27"
        }
    ],
    "packages-dev": [
        {
            "name": "typo3cms/devlog",
            "version": "2.11.1",
            "source": {
                "type": "git",
                "url": "git://git.typo3.org/TYPO3CMS/Extensions/devlog.git",
                "reference": "9a70b962f555e21e1db3342e9c574df667c63217"
            },
            "type": "typo3-cms-extension"
        },
        {
            "name": "typo3cms/extension_builder",
            "version": "6.1-dev",
            "source": {
                "type": "git",
                "url": "git://git.typo3.org/TYPO3CMS/Extensions/extension_builder.git",
                "reference": "beac07a873edcbb18a7c916724d430309b8ba8f1"
            },
            "type": "typo3-cms-extension",
            "time": "2014-05-07 09:24:34"
        },
        {
            "name": "typo3cms/phpmyadmin",
            "version": "4.18.1",
            "source": {
                "type": "svn",
                "url": "https://svn.typo3.org/TYPO3v4/Extensions/phpmyadmin/",
                "reference": "trunk@84112"
            },
            "type": "typo3-cms-extension"
        },
        {
            "name": "typo3cms/phpunit",
            "version": "3.7.22",
            "source": {
                "type": "git",
                "url": "git://git.typo3.org/TYPO3CMS/Extensions/phpunit.git",
                "reference": "3.7.22"
            },
            "type": "typo3-cms-extension"
        }
    ],
    "aliases": [

    ],
    "minimum-stability": "stable",
    "stability-flags": {
        "typo3cms/templavoila": 20,
        "typo3cms/fal_dropbox": 20,
        "typo3cms/dropbox_carousel": 20,
        "typo3cms/football_manager": 20,
        "typo3cms/extension_builder": 20
    },
    "platform": {
        "php": ">=5.3.7"
    },
    "platform-dev": [

    ]
}
